
Microsoft Visual Studio Solution File, Format Version 12.00
# Visual Studio 2013
VisualStudioVersion = 12.0.40629.0
MinimumVisualStudioVersion = 10.0.40219.1
Project("{2150E333-8FDC-42A3-9474-1A3956D46DE8}") = "01Common", "01Common", "{2EA84CE6-ED77-4E66-BA77-EDD25637ABEC}"
EndProject
Project("{2150E333-8FDC-42A3-9474-1A3956D46DE8}") = "02Domain", "02Domain", "{7A64C141-64E5-4B8A-B1B9-436A1958F17B}"
EndProject
Project("{2150E333-8FDC-42A3-9474-1A3956D46DE8}") = "03Web", "03Web", "{B513CB4C-EE7C-49F9-8820-9BDEBA94B27F}"
EndProject
Project("{FAE04EC0-301F-11D3-BF4B-00C04F79EFBC}") = "Step.Code", "Step.Code\Step.Code.csproj", "{9BC2F052-48D0-470F-8C68-F53C78C1DC09}"
EndProject
Project("{FAE04EC0-301F-11D3-BF4B-00C04F79EFBC}") = "Step.Data", "Step.Data\Step.Data.csproj", "{02F77962-3E90-4D39-9DCA-EF90ADE65973}"
EndProject
Project("{FAE04EC0-301F-11D3-BF4B-00C04F79EFBC}") = "Step.Web", "Step.Web\Step.Web.csproj", "{B10A2618-B856-4A13-8C63-6382373239FC}"
EndProject
Project("{FAE04EC0-301F-11D3-BF4B-00C04F79EFBC}") = "Step.Domain", "Step.Domain\Step.Domain.csproj", "{04F05F8C-9D38-45A0-BF20-316989CC0B18}"
EndProject
Project("{FAE04EC0-301F-11D3-BF4B-00C04F79EFBC}") = "Step.API", "Step.API\Step.API.csproj", "{17CE6FAC-61C3-4E1A-9074-C3E83B086142}"
EndProject
Project("{FAE04EC0-301F-11D3-BF4B-00C04F79EFBC}") = "Step.Mapping", "Step.Mapping\Step.Mapping.csproj", "{D77EDF4C-D9D5-458D-A593-4AC5DDA1C0FE}"
EndProject
Project("{FAE04EC0-301F-11D3-BF4B-00C04F79EFBC}") = "Step.Helper", "Step.Helper\Step.Helper.csproj", "{A2ECF69B-D43D-4F04-BF76-7E789E761BEA}"
EndProject
Global
	GlobalSection(SolutionConfigurationPlatforms) = preSolution
		Debug|Any CPU = Debug|Any CPU
		Release|Any CPU = Release|Any CPU
	EndGlobalSection
	GlobalSection(ProjectConfigurationPlatforms) = postSolution
		{9BC2F052-48D0-470F-8C68-F53C78C1DC09}.Debug|Any CPU.ActiveCfg = Debug|Any CPU
		{9BC2F052-48D0-470F-8C68-F53C78C1DC09}.Debug|Any CPU.Build.0 = Debug|Any CPU
		{9BC2F052-48D0-470F-8C68-F53C78C1DC09}.Release|Any CPU.ActiveCfg = Release|Any CPU
		{9BC2F052-48D0-470F-8C68-F53C78C1DC09}.Release|Any CPU.Build.0 = Release|Any CPU
		{02F77962-3E90-4D39-9DCA-EF90ADE65973}.Debug|Any CPU.ActiveCfg = Debug|Any CPU
		{02F77962-3E90-4D39-9DCA-EF90ADE65973}.Debug|Any CPU.Build.0 = Debug|Any CPU
		{02F77962-3E90-4D39-9DCA-EF90ADE65973}.Release|Any CPU.ActiveCfg = Release|Any CPU
		{02F77962-3E90-4D39-9DCA-EF90ADE65973}.Release|Any CPU.Build.0 = Release|Any CPU
		{B10A2618-B856-4A13-8C63-6382373239FC}.Debug|Any CPU.ActiveCfg = Debug|Any CPU
		{B10A2618-B856-4A13-8C63-6382373239FC}.Debug|Any CPU.Build.0 = Debug|Any CPU
		{B10A2618-B856-4A13-8C63-6382373239FC}.Release|Any CPU.ActiveCfg = Release|Any CPU
		{B10A2618-B856-4A13-8C63-6382373239FC}.Release|Any CPU.Build.0 = Release|Any CPU
		{04F05F8C-9D38-45A0-BF20-316989CC0B18}.Debug|Any CPU.ActiveCfg = Debug|Any CPU
		{04F05F8C-9D38-45A0-BF20-316989CC0B18}.Debug|Any CPU.Build.0 = Debug|Any CPU
		{04F05F8C-9D38-45A0-BF20-316989CC0B18}.Release|Any CPU.ActiveCfg = Release|Any CPU
		{04F05F8C-9D38-45A0-BF20-316989CC0B18}.Release|Any CPU.Build.0 = Release|Any CPU
		{17CE6FAC-61C3-4E1A-9074-C3E83B086142}.Debug|Any CPU.ActiveCfg = Debug|Any CPU
		{17CE6FAC-61C3-4E1A-9074-C3E83B086142}.Debug|Any CPU.Build.0 = Debug|Any CPU
		{17CE6FAC-61C3-4E1A-9074-C3E83B086142}.Release|Any CPU.ActiveCfg = Release|Any CPU
		{17CE6FAC-61C3-4E1A-9074-C3E83B086142}.Release|Any CPU.Build.0 = Release|Any CPU
		{D77EDF4C-D9D5-458D-A593-4AC5DDA1C0FE}.Debug|Any CPU.ActiveCfg = Debug|Any CPU
		{D77EDF4C-D9D5-458D-A593-4AC5DDA1C0FE}.Debug|Any CPU.Build.0 = Debug|Any CPU
		{D77EDF4C-D9D5-458D-A593-4AC5DDA1C0FE}.Release|Any CPU.ActiveCfg = Release|Any CPU
		{D77EDF4C-D9D5-458D-A593-4AC5DDA1C0FE}.Release|Any CPU.Build.0 = Release|Any CPU
		{A2ECF69B-D43D-4F04-BF76-7E789E761BEA}.Debug|Any CPU.ActiveCfg = Debug|Any CPU
		{A2ECF69B-D43D-4F04-BF76-7E789E761BEA}.Debug|Any CPU.Build.0 = Debug|Any CPU
		{A2ECF69B-D43D-4F04-BF76-7E789E761BEA}.Release|Any CPU.ActiveCfg = Release|Any CPU
		{A2ECF69B-D43D-4F04-BF76-7E789E761BEA}.Release|Any CPU.Build.0 = Release|Any CPU
	EndGlobalSection
	GlobalSection(SolutionProperties) = preSolution
		HideSolutionNode = FALSE
	EndGlobalSection
	GlobalSection(NestedProjects) = preSolution
		{9BC2F052-48D0-470F-8C68-F53C78C1DC09} = {2EA84CE6-ED77-4E66-BA77-EDD25637ABEC}
		{02F77962-3E90-4D39-9DCA-EF90ADE65973} = {2EA84CE6-ED77-4E66-BA77-EDD25637ABEC}
		{B10A2618-B856-4A13-8C63-6382373239FC} = {B513CB4C-EE7C-49F9-8820-9BDEBA94B27F}
		{04F05F8C-9D38-45A0-BF20-316989CC0B18} = {7A64C141-64E5-4B8A-B1B9-436A1958F17B}
		{17CE6FAC-61C3-4E1A-9074-C3E83B086142} = {B513CB4C-EE7C-49F9-8820-9BDEBA94B27F}
		{D77EDF4C-D9D5-458D-A593-4AC5DDA1C0FE} = {7A64C141-64E5-4B8A-B1B9-436A1958F17B}
		{A2ECF69B-D43D-4F04-BF76-7E789E761BEA} = {B513CB4C-EE7C-49F9-8820-9BDEBA94B27F}
	EndGlobalSection
EndGlobal
